// !$*UTF8*$!
{
	archiveVersion = 1;
	classes = {
	};
	objectVersion = 56;
	objects = {

/* Begin PBXBuildFile section */
		9E3A67FB2B1D1BDE00701588 /* Astronaut.swift in Sources */ = {isa = PBXBuildFile; fileRef = 9E3A67FA2B1D1BDE00701588 /* Astronaut.swift */; };
		9E3A67FD2B1D1C0800701588 /* Bundle-Decodable.swift in Sources */ = {isa = PBXBuildFile; fileRef = 9E3A67FC2B1D1C0800701588 /* Bundle-Decodable.swift */; };
		9E3A67FF2B1D1D7400701588 /* Mission.swift in Sources */ = {isa = PBXBuildFile; fileRef = 9E3A67FE2B1D1D7400701588 /* Mission.swift */; };
		9E84D0742B1E10D30043226E /* missions.json in Resources */ = {isa = PBXBuildFile; fileRef = 9E84D0732B1E10D30043226E /* missions.json */; };
		9E84D0762B1E1ACE0043226E /* Color-Theme.swift in Sources */ = {isa = PBXBuildFile; fileRef = 9E84D0752B1E1ACE0043226E /* Color-Theme.swift */; };
		9E8A2A3C2B1BA0FC00E49734 /* MoonshotApp.swift in Sources */ = {isa = PBXBuildFile; fileRef = 9E8A2A3B2B1BA0FC00E49734 /* MoonshotApp.swift */; };
		9E8A2A3E2B1BA0FC00E49734 /* ContentView.swift in Sources */ = {isa = PBXBuildFile; fileRef = 9E8A2A3D2B1BA0FC00E49734 /* ContentView.swift */; };
		9E8A2A402B1BA0FD00E49734 /* Assets.xcassets in Resources */ = {isa = PBXBuildFile; fileRef = 9E8A2A3F2B1BA0FD00E49734 /* Assets.xcassets */; };
		9E8A2A432B1BA0FD00E49734 /* Preview Assets.xcassets in Resources */ = {isa = PBXBuildFile; fileRef = 9E8A2A422B1BA0FD00E49734 /* Preview Assets.xcassets */; };
		9E8A2A4C2B1BA11F00E49734 /* astronauts.json in Resources */ = {isa = PBXBuildFile; fileRef = 9E8A2A4A2B1BA11F00E49734 /* astronauts.json */; };
/* End PBXBuildFile section */

/* Begin PBXFileReference section */
		9E3A67FA2B1D1BDE00701588 /* Astronaut.swift */ = {isa = PBXFileReference; lastKnownFileType = sourcecode.swift; path = Astronaut.swift; sourceTree = "<group>"; };
		9E3A67FC2B1D1C0800701588 /* Bundle-Decodable.swift */ = {isa = PBXFileReference; lastKnownFileType = sourcecode.swift; path = "Bundle-Decodable.swift"; sourceTree = "<group>"; };
		9E3A67FE2B1D1D7400701588 /* Mission.swift */ = {isa = PBXFileReference; lastKnownFileType = sourcecode.swift; path = Mission.swift; sourceTree = "<group>"; };
		9E84D0732B1E10D30043226E /* missions.json */ = {isa = PBXFileReference; fileEncoding = 4; lastKnownFileType = text.json; name = missions.json; path = ../../../HackingWithSwift/SwiftUI/project8/Moonshot/missions.json; sourceTree = "<group>"; };
		9E84D0752B1E1ACE0043226E /* Color-Theme.swift */ = {isa = PBXFileReference; lastKnownFileType = sourcecode.swift; path = "Color-Theme.swift"; sourceTree = "<group>"; };
		9E8A2A382B1BA0FC00E49734 /* Moonshot.app */ = {isa = PBXFileReference; explicitFileType = wrapper.application; includeInIndex = 0; path = Moonshot.app; sourceTree = BUILT_PRODUCTS_DIR; };
		9E8A2A3B2B1BA0FC00E49734 /* MoonshotApp.swift */ = {isa = PBXFileReference; lastKnownFileType = sourcecode.swift; path = MoonshotApp.swift; sourceTree = "<group>"; };
		9E8A2A3D2B1BA0FC00E49734 /* ContentView.swift */ = {isa = PBXFileReference; lastKnownFileType = sourcecode.swift; path = ContentView.swift; sourceTree = "<group>"; };
		9E8A2A3F2B1BA0FD00E49734 /* Assets.xcassets */ = {isa = PBXFileReference; lastKnownFileType = folder.assetcatalog; path = Assets.xcassets; sourceTree = "<group>"; };
		9E8A2A422B1BA0FD00E49734 /* Preview Assets.xcassets */ = {isa = PBXFileReference; lastKnownFileType = folder.assetcatalog; path = "Preview Assets.xcassets"; sourceTree = "<group>"; };
		9E8A2A4A2B1BA11F00E49734 /* astronauts.json */ = {isa = PBXFileReference; fileEncoding = 4; lastKnownFileType = text.json; path = astronauts.json; sourceTree = "<group>"; };
/* End PBXFileReference section */

/* Begin PBXFrameworksBuildPhase section */
		9E8A2A352B1BA0FC00E49734 /* Frameworks */ = {
			isa = PBXFrameworksBuildPhase;
			buildActionMask = 2147483647;
			files = (
			);
			runOnlyForDeploymentPostprocessing = 0;
		};
/* End PBXFrameworksBuildPhase section */

/* Begin PBXGroup section */
		9E84D0772B1E21EF0043226E /* Extensions */ = {
			isa = PBXGroup;
			children = (
				9E3A67FC2B1D1C0800701588 /* Bundle-Decodable.swift */,
				9E84D0752B1E1ACE0043226E /* Color-Theme.swift */,
			);
			path = Extensions;
			sourceTree = "<group>";
		};
		9E84D0782B1E22090043226E /* Models */ = {
			isa = PBXGroup;
			children = (
				9E3A67FA2B1D1BDE00701588 /* Astronaut.swift */,
				9E3A67FE2B1D1D7400701588 /* Mission.swift */,
			);
			path = Models;
			sourceTree = "<group>";
		};
		9E8A2A2F2B1BA0FC00E49734 = {
			isa = PBXGroup;
			children = (
				9E8A2A3A2B1BA0FC00E49734 /* Moonshot */,
				9E8A2A392B1BA0FC00E49734 /* Products */,
			);
			sourceTree = "<group>";
		};
		9E8A2A392B1BA0FC00E49734 /* Products */ = {
			isa = PBXGroup;
			children = (
				9E8A2A382B1BA0FC00E49734 /* Moonshot.app */,
			);
			name = Products;
			sourceTree = "<group>";
		};
		9E8A2A3A2B1BA0FC00E49734 /* Moonshot */ = {
			isa = PBXGroup;
			children = (
				9E8A2A3B2B1BA0FC00E49734 /* MoonshotApp.swift */,
				9E8A2A3D2B1BA0FC00E49734 /* ContentView.swift */,
				9E84D0782B1E22090043226E /* Models */,
				9E84D0772B1E21EF0043226E /* Extensions */,
				9E8A2A4A2B1BA11F00E49734 /* astronauts.json */,
				9E84D0732B1E10D30043226E /* missions.json */,
				9E8A2A3F2B1BA0FD00E49734 /* Assets.xcassets */,
				9E8A2A412B1BA0FD00E49734 /* Preview Content */,
			);
			path = Moonshot;
			sourceTree = "<group>";
		};
		9E8A2A412B1BA0FD00E49734 /* Preview Content */ = {
			isa = PBXGroup;
			children = (
				9E8A2A422B1BA0FD00E49734 /* Preview Assets.xcassets */,
			);
			path = "Preview Content";
			sourceTree = "<group>";
		};
/* End PBXGroup section */

/* Begin PBXNativeTarget section */
		9E8A2A372B1BA0FC00E49734 /* Moonshot */ = {
			isa = PBXNativeTarget;
			buildConfigurationList = 9E8A2A462B1BA0FD00E49734 /* Build configuration list for PBXNativeTarget "Moonshot" */;
			buildPhases = (
				9E8A2A342B1BA0FC00E49734 /* Sources */,
				9E8A2A352B1BA0FC00E49734 /* Frameworks */,
				9E8A2A362B1BA0FC00E49734 /* Resources */,
			);
			buildRules = (
			);
			dependencies = (
			);
			name = Moonshot;
			productName = Moonshot;
			productReference = 9E8A2A382B1BA0FC00E49734 /* Moonshot.app */;
			productType = "com.apple.product-type.application";
		};
/* End PBXNativeTarget section */

/* Begin PBXProject section */
		9E8A2A302B1BA0FC00E49734 /* Project object */ = {
			isa = PBXProject;
			attributes = {
				BuildIndependentTargetsInParallel = 1;
				LastSwiftUpdateCheck = 1500;
				LastUpgradeCheck = 1500;
				TargetAttributes = {
					9E8A2A372B1BA0FC00E49734 = {
						CreatedOnToolsVersion = 15.0.1;
					};
				};
			};
			buildConfigurationList = 9E8A2A332B1BA0FC00E49734 /* Build configuration list for PBXProject "Moonshot" */;
			compatibilityVersion = "Xcode 14.0";
			developmentRegion = en;
			hasScannedForEncodings = 0;
			knownRegions = (
				en,
				Base,
			);
			mainGroup = 9E8A2A2F2B1BA0FC00E49734;
			productRefGroup = 9E8A2A392B1BA0FC00E49734 /* Products */;
			projectDirPath = "";
			projectRoot = "";
			targets = (
				9E8A2A372B1BA0FC00E49734 /* Moonshot */,
			);
		};
/* End PBXProject section */

/* Begin PBXResourcesBuildPhase section */
		9E8A2A362B1BA0FC00E49734 /* Resources */ = {
			isa = PBXResourcesBuildPhase;
			buildActionMask = 2147483647;
			files = (
				9E8A2A432B1BA0FD00E49734 /* Preview Assets.xcassets in Resources */,
				9E84D0742B1E10D30043226E /* missions.json in Resources */,
				9E8A2A402B1BA0FD00E49734 /* Assets.xcassets in Resources */,
				9E8A2A4C2B1BA11F00E49734 /* astronauts.json in Resources */,
			);
			runOnlyForDeploymentPostprocessing = 0;
		};
/* End PBXResourcesBuildPhase section */

/* Begin PBXSourcesBuildPhase section */
		9E8A2A342B1BA0FC00E49734 /* Sources */ = {
			isa = PBXSourcesBuildPhase;
			buildActionMask = 2147483647;
			files = (
				9E3A67FB2B1D1BDE00701588 /* Astronaut.swift in Sources */,
				9E84D0762B1E1ACE0043226E /* Color-Theme.swift in Sources */,
				9E8A2A3E2B1BA0FC00E49734 /* ContentView.swift in Sources */,
				9E8A2A3C2B1BA0FC00E49734 /* MoonshotApp.swift in Sources */,
				9E3A67FF2B1D1D7400701588 /* Mission.swift in Sources */,
				9E3A67FD2B1D1C0800701588 /* Bundle-Decodable.swift in Sources */,
			);
			runOnlyForDeploymentPostprocessing = 0;
		};
/* End PBXSourcesBuildPhase section */

/* Begin XCBuildConfiguration section */
		9E8A2A442B1BA0FD00E49734 /* Debug */ = {
			isa = XCBuildConfiguration;
			buildSettings = {
				ALWAYS_SEARCH_USER_PATHS = NO;
				ASSETCATALOG_COMPILER_GENERATE_SWIFT_ASSET_SYMBOL_EXTENSIONS = YES;
				CLANG_ANALYZER_NONNULL = YES;
				CLANG_ANALYZER_NUMBER_OBJECT_CONVERSION = YES_AGGRESSIVE;
				CLANG_CXX_LANGUAGE_STANDARD = "gnu++20";
				CLANG_ENABLE_MODULES = YES;
				CLANG_ENABLE_OBJC_ARC = YES;
				CLANG_ENABLE_OBJC_WEAK = YES;
				CLANG_WARN_BLOCK_CAPTURE_AUTORELEASING = YES;
				CLANG_WARN_BOOL_CONVERSION = YES;
				CLANG_WARN_COMMA = YES;
				CLANG_WARN_CONSTANT_CONVERSION = YES;
				CLANG_WARN_DEPRECATED_OBJC_IMPLEMENTATIONS = YES;
				CLANG_WARN_DIRECT_OBJC_ISA_USAGE = YES_ERROR;
				CLANG_WARN_DOCUMENTATION_COMMENTS = YES;
				CLANG_WARN_EMPTY_BODY = YES;
				CLANG_WARN_ENUM_CONVERSION = YES;
				CLANG_WARN_INFINITE_RECURSION = YES;
				CLANG_WARN_INT_CONVERSION = YES;
				CLANG_WARN_NON_LITERAL_NULL_CONVERSION = YES;
				CLANG_WARN_OBJC_IMPLICIT_RETAIN_SELF = YES;
				CLANG_WARN_OBJC_LITERAL_CONVERSION = YES;
				CLANG_WARN_OBJC_ROOT_CLASS = YES_ERROR;
				CLANG_WARN_QUOTED_INCLUDE_IN_FRAMEWORK_HEADER = YES;
				CLANG_WARN_RANGE_LOOP_ANALYSIS = YES;
				CLANG_WARN_STRICT_PROTOTYPES = YES;
				CLANG_WARN_SUSPICIOUS_MOVE = YES;
				CLANG_WARN_UNGUARDED_AVAILABILITY = YES_AGGRESSIVE;
				CLANG_WARN_UNREACHABLE_CODE = YES;
				CLANG_WARN__DUPLICATE_METHOD_MATCH = YES;
				COPY_PHASE_STRIP = NO;
				DEBUG_INFORMATION_FORMAT = dwarf;
				ENABLE_STRICT_OBJC_MSGSEND = YES;
				ENABLE_TESTABILITY = YES;
				ENABLE_USER_SCRIPT_SANDBOXING = YES;
				GCC_C_LANGUAGE_STANDARD = gnu17;
				GCC_DYNAMIC_NO_PIC = NO;
				GCC_NO_COMMON_BLOCKS = YES;
				GCC_OPTIMIZATION_LEVEL = 0;
				GCC_PREPROCESSOR_DEFINITIONS = (
					"DEBUG=1",
					"$(inherited)",
				);
				GCC_WARN_64_TO_32_BIT_CONVERSION = YES;
				GCC_WARN_ABOUT_RETURN_TYPE = YES_ERROR;
				GCC_WARN_UNDECLARED_SELECTOR = YES;
				GCC_WARN_UNINITIALIZED_AUTOS = YES_AGGRESSIVE;
				GCC_WARN_UNUSED_FUNCTION = YES;
				GCC_WARN_UNUSED_VARIABLE = YES;
				IPHONEOS_DEPLOYMENT_TARGET = 17.0;
				LOCALIZATION_PREFERS_STRING_CATALOGS = YES;
				MTL_ENABLE_DEBUG_INFO = INCLUDE_SOURCE;
				MTL_FAST_MATH = YES;
				ONLY_ACTIVE_ARCH = YES;
				SDKROOT = iphoneos;
				SWIFT_ACTIVE_COMPILATION_CONDITIONS = "DEBUG $(inherited)";
				SWIFT_OPTIMIZATION_LEVEL = "-Onone";
			};
			name = Debug;
		};
		9E8A2A452B1BA0FD00E49734 /* Release */ = {
			isa = XCBuildConfiguration;
			buildSettings = {
				ALWAYS_SEARCH_USER_PATHS = NO;
				ASSETCATALOG_COMPILER_GENERATE_SWIFT_ASSET_SYMBOL_EXTENSIONS = YES;
				CLANG_ANALYZER_NONNULL = YES;
				CLANG_ANALYZER_NUMBER_OBJECT_CONVERSION = YES_AGGRESSIVE;
				CLANG_CXX_LANGUAGE_STANDARD = "gnu++20";
				CLANG_ENABLE_MODULES = YES;
				CLANG_ENABLE_OBJC_ARC = YES;
				CLANG_ENABLE_OBJC_WEAK = YES;
				CLANG_WARN_BLOCK_CAPTURE_AUTORELEASING = YES;
				CLANG_WARN_BOOL_CONVERSION = YES;
				CLANG_WARN_COMMA = YES;
				CLANG_WARN_CONSTANT_CONVERSION = YES;
				CLANG_WARN_DEPRECATED_OBJC_IMPLEMENTATIONS = YES;
				CLANG_WARN_DIRECT_OBJC_ISA_USAGE = YES_ERROR;
				CLANG_WARN_DOCUMENTATION_COMMENTS = YES;
				CLANG_WARN_EMPTY_BODY = YES;
				CLANG_WARN_ENUM_CONVERSION = YES;
				CLANG_WARN_INFINITE_RECURSION = YES;
				CLANG_WARN_INT_CONVERSION = YES;
				CLANG_WARN_NON_LITERAL_NULL_CONVERSION = YES;
				CLANG_WARN_OBJC_IMPLICIT_RETAIN_SELF = YES;
				CLANG_WARN_OBJC_LITERAL_CONVERSION = YES;
				CLANG_WARN_OBJC_ROOT_CLASS = YES_ERROR;
				CLANG_WARN_QUOTED_INCLUDE_IN_FRAMEWORK_HEADER = YES;
				CLANG_WARN_RANGE_LOOP_ANALYSIS = YES;
				CLANG_WARN_STRICT_PROTOTYPES = YES;
				CLANG_WARN_SUSPICIOUS_MOVE = YES;
				CLANG_WARN_UNGUARDED_AVAILABILITY = YES_AGGRESSIVE;
				CLANG_WARN_UNREACHABLE_CODE = YES;
				CLANG_WARN__DUPLICATE_METHOD_MATCH = YES;
				COPY_PHASE_STRIP = NO;
				DEBUG_INFORMATION_FORMAT = "dwarf-with-dsym";
				ENABLE_NS_ASSERTIONS = NO;
				ENABLE_STRICT_OBJC_MSGSEND = YES;
				ENABLE_USER_SCRIPT_SANDBOXING = YES;
				GCC_C_LANGUAGE_STANDARD = gnu17;
				GCC_NO_COMMON_BLOCKS = YES;
				GCC_WARN_64_TO_32_BIT_CONVERSION = YES;
				GCC_WARN_ABOUT_RETURN_TYPE = YES_ERROR;
				GCC_WARN_UNDECLARED_SELECTOR = YES;
				GCC_WARN_UNINITIALIZED_AUTOS = YES_AGGRESSIVE;
				GCC_WARN_UNUSED_FUNCTION = YES;
				GCC_WARN_UNUSED_VARIABLE = YES;
				IPHONEOS_DEPLOYMENT_TARGET = 17.0;
				LOCALIZATION_PREFERS_STRING_CATALOGS = YES;
				MTL_ENABLE_DEBUG_INFO = NO;
				MTL_FAST_MATH = YES;
				SDKROOT = iphoneos;
				SWIFT_COMPILATION_MODE = wholemodule;
				VALIDATE_PRODUCT = YES;
			};
			name = Release;
		};
		9E8A2A472B1BA0FD00E49734 /* Debug */ = {
			isa = XCBuildConfiguration;
			buildSettings = {
				ASSETCATALOG_COMPILER_APPICON_NAME = AppIcon;
				ASSETCATALOG_COMPILER_GLOBAL_ACCENT_COLOR_NAME = AccentColor;
				CODE_SIGN_STYLE = Automatic;
				CURRENT_PROJECT_VERSION = 1;
				DEVELOPMENT_ASSET_PATHS = "\"Moonshot/Preview Content\"";
				DEVELOPMENT_TEAM = 3D4DRXPTLN;
				ENABLE_PREVIEWS = YES;
				GENERATE_INFOPLIST_FILE = YES;
				INFOPLIST_KEY_UIApplicationSceneManifest_Generation = YES;
				INFOPLIST_KEY_UIApplicationSupportsIndirectInputEvents = YES;
				INFOPLIST_KEY_UILaunchScreen_Generation = YES;
				INFOPLIST_KEY_UISupportedInterfaceOrientations = UIInterfaceOrientationPortrait;
				INFOPLIST_KEY_UISupportedInterfaceOrientations_iPad = "UIInterfaceOrientationLandscapeLeft UIInterfaceOrientationLandscapeRight UIInterfaceOrientationPortrait UIInterfaceOrientationPortraitUpsideDown";
				LD_RUNPATH_SEARCH_PATHS = (
					"$(inherited)",
					"@executable_path/Frameworks",
				);
				MARKETING_VERSION = 1.0;
				PRODUCT_BUNDLE_IDENTIFIER = chailloleau.damien.Moonshot;
				PRODUCT_NAME = "$(TARGET_NAME)";
				SUPPORTED_PLATFORMS = "iphoneos iphonesimulator";
				SUPPORTS_MACCATALYST = NO;
				SUPPORTS_MAC_DESIGNED_FOR_IPHONE_IPAD = NO;
				SWIFT_EMIT_LOC_STRINGS = YES;
				SWIFT_VERSION = 5.0;
				TARGETED_DEVICE_FAMILY = 1;
			};
			name = Debug;
		};
		9E8A2A482B1BA0FD00E49734 /* Release */ = {
			isa = XCBuildConfiguration;
			buildSettings = {
				ASSETCATALOG_COMPILER_APPICON_NAME = AppIcon;
				ASSETCATALOG_COMPILER_GLOBAL_ACCENT_COLOR_NAME = AccentColor;
				CODE_SIGN_STYLE = Automatic;
				CURRENT_PROJECT_VERSION = 1;
				DEVELOPMENT_ASSET_PATHS = "\"Moonshot/Preview Content\"";
				DEVELOPMENT_TEAM = 3D4DRXPTLN;
				ENABLE_PREVIEWS = YES;
				GENERATE_INFOPLIST_FILE = YES;
				INFOPLIST_KEY_UIApplicationSceneManifest_Generation = YES;
				INFOPLIST_KEY_UIApplicationSupportsIndirectInputEvents = YES;
				INFOPLIST_KEY_UILaunchScreen_Generation = YES;
				INFOPLIST_KEY_UISupportedInterfaceOrientations = UIInterfaceOrientationPortrait;
				INFOPLIST_KEY_UISupportedInterfaceOrientations_iPad = "UIInterfaceOrientationLandscapeLeft UIInterfaceOrientationLandscapeRight UIInterfaceOrientationPortrait UIInterfaceOrientationPortraitUpsideDown";
				LD_RUNPATH_SEARCH_PATHS = (
					"$(inherited)",
					"@executable_path/Frameworks",
				);
				MARKETING_VERSION = 1.0;
				PRODUCT_BUNDLE_IDENTIFIER = chailloleau.damien.Moonshot;
				PRODUCT_NAME = "$(TARGET_NAME)";
				SUPPORTED_PLATFORMS = "iphoneos iphonesimulator";
				SUPPORTS_MACCATALYST = NO;
				SUPPORTS_MAC_DESIGNED_FOR_IPHONE_IPAD = NO;
				SWIFT_EMIT_LOC_STRINGS = YES;
				SWIFT_VERSION = 5.0;
				TARGETED_DEVICE_FAMILY = 1;
			};
			name = Release;
		};
/* End XCBuildConfiguration section */

/* Begin XCConfigurationList section */
		9E8A2A332B1BA0FC00E49734 /* Build configuration list for PBXProject "Moonshot" */ = {
			isa = XCConfigurationList;
			buildConfigurations = (
				9E8A2A442B1BA0FD00E49734 /* Debug */,
				9E8A2A452B1BA0FD00E49734 /* Release */,
			);
			defaultConfigurationIsVisible = 0;
			defaultConfigurationName = Release;
		};
		9E8A2A462B1BA0FD00E49734 /* Build configuration list for PBXNativeTarget "Moonshot" */ = {
			isa = XCConfigurationList;
			buildConfigurations = (
				9E8A2A472B1BA0FD00E49734 /* Debug */,
				9E8A2A482B1BA0FD00E49734 /* Release */,
			);
			defaultConfigurationIsVisible = 0;
			defaultConfigurationName = Release;
		};
/* End XCConfigurationList section */
	};
	rootObject = 9E8A2A302B1BA0FC00E49734 /* Project object */;
}
